
Microsoft Visual Studio Solution File, Format Version 12.00
# Visual Studio Version 17
VisualStudioVersion = 17.6.33815.320
MinimumVisualStudioVersion = 10.0.40219.1
Project("{FAE04EC0-301F-11D3-BF4B-00C04F79EFBC}") = "CardControl", "CardControl\CardControl.csproj", "{ED510697-5F1A-45C0-9122-3DA6F7D79E1E}"
EndProject
Global
	GlobalSection(SolutionConfigurationPlatforms) = preSolution
		Debug|Any CPU = Debug|Any CPU
		Release|Any CPU = Release|Any CPU
	EndGlobalSection
	GlobalSection(ProjectConfigurationPlatforms) = postSolution
		{ED510697-5F1A-45C0-9122-3DA6F7D79E1E}.Debug|Any CPU.ActiveCfg = Debug|Any CPU
		{ED510697-5F1A-45C0-9122-3DA6F7D79E1E}.Debug|Any CPU.Build.0 = Debug|Any CPU
		{ED510697-5F1A-45C0-9122-3DA6F7D79E1E}.Release|Any CPU.ActiveCfg = Release|Any CPU
		{ED510697-5F1A-45C0-9122-3DA6F7D79E1E}.Release|Any CPU.Build.0 = Release|Any CPU
	EndGlobalSection
	GlobalSection(SolutionProperties) = preSolution
		HideSolutionNode = FALSE
	EndGlobalSection
	GlobalSection(ExtensibilityGlobals) = postSolution
		SolutionGuid = {DA112A99-0CCA-444A-AF3D-B201DBD4F5D8}
	EndGlobalSection
EndGlobal
