
Microsoft Visual Studio Solution File, Format Version 12.00
# Visual Studio Version 17
VisualStudioVersion = 17.5.33516.290
MinimumVisualStudioVersion = 10.0.40219.1
Project("{9A19103F-16F7-4668-BE54-9A1E7A4F7556}") = "TarotLib", "TarotLib\TarotLib.csproj", "{797E0B77-EC01-436D-9070-E697002F3D31}"
EndProject
Project("{9A19103F-16F7-4668-BE54-9A1E7A4F7556}") = "Tarot", "TarotModule\Tarot.csproj", "{55E0B47E-9945-4077-B9A6-26CF339D176E}"
EndProject
Global
	GlobalSection(SolutionConfigurationPlatforms) = preSolution
		Debug|Any CPU = Debug|Any CPU
		Release|Any CPU = Release|Any CPU
	EndGlobalSection
	GlobalSection(ProjectConfigurationPlatforms) = postSolution
		{797E0B77-EC01-436D-9070-E697002F3D31}.Debug|Any CPU.ActiveCfg = Debug|Any CPU
		{797E0B77-EC01-436D-9070-E697002F3D31}.Debug|Any CPU.Build.0 = Debug|Any CPU
		{797E0B77-EC01-436D-9070-E697002F3D31}.Release|Any CPU.ActiveCfg = Release|Any CPU
		{797E0B77-EC01-436D-9070-E697002F3D31}.Release|Any CPU.Build.0 = Release|Any CPU
		{55E0B47E-9945-4077-B9A6-26CF339D176E}.Debug|Any CPU.ActiveCfg = Debug|Any CPU
		{55E0B47E-9945-4077-B9A6-26CF339D176E}.Debug|Any CPU.Build.0 = Debug|Any CPU
		{55E0B47E-9945-4077-B9A6-26CF339D176E}.Release|Any CPU.ActiveCfg = Release|Any CPU
		{55E0B47E-9945-4077-B9A6-26CF339D176E}.Release|Any CPU.Build.0 = Release|Any CPU
	EndGlobalSection
	GlobalSection(SolutionProperties) = preSolution
		HideSolutionNode = FALSE
	EndGlobalSection
	GlobalSection(ExtensibilityGlobals) = postSolution
		SolutionGuid = {A5AA74B0-FD16-45E3-B81B-B5CBA4420AB3}
	EndGlobalSection
EndGlobal
